github.com/lxn/walk v0.0.0-20190321103824-e04736ec8fa1 h1:T5j6VAnw8Mp4h+FjwpCfg8c0u3SBmdUDdT1vrmi+Kp8=
github.com/lxn/walk v0.0.0-20190321103824-e04736ec8fa1/go.mod h1:E23UucZGqpuUANJooIbHWCufXvOcT6E7Stq81gU+CSQ=
github.com/lxn/win v0.0.0-20190311093451-0040366d7450 h1:jB6Qj4k3jLhRQ7QxW6aycyLQr5oGNvNWeGv/4+az2Qk=
github.com/lxn/win v0.0.0-20190311093451-0040366d7450/go.mod h1:jACzEp9RV7NhfPJQkiCNTteU4nkZZVlvkNpYtVOZPfE=
golang.org/x/sys v0.0.0-20190322080309-f49334f85ddc h1:4gbWbmmPFp4ySWICouJl6emP0MyS31yy9SrTlAGFT+g=
golang.org/x/sys v0.0.0-20190322080309-f49334f85ddc/go.mod h1:h1NjWce9XRLGQEsW7wpKNCjG9DtNlClVuFLEZdDNbEs=
gopkg.in/Knetic/govaluate.v3 v3.0.0 h1:18mUyIt4ZlRlFZAAfVetz4/rzlJs9yhN+U02F4u1AOc=
gopkg.in/Knetic/govaluate.v3 v3.0.0/go.mod h1:csKLBORsPbafmSCGTEh3U7Ozmsuq8ZSIlKk1bcqph0E=
